
Microsoft Visual Studio Solution File, Format Version 12.00
# Visual Studio Version 17
VisualStudioVersion = 17.4.33213.308
MinimumVisualStudioVersion = 10.0.40219.1
Project("{FAE04EC0-301F-11D3-BF4B-00C04F79EFBC}") = "HashTableProject", "HashTableProject\HashTableProject.csproj", "{4203728C-E6D9-487E-A571-D825BAB4DA3D}"
EndProject
Global
	GlobalSection(SolutionConfigurationPlatforms) = preSolution
		Debug|Any CPU = Debug|Any CPU
		Release|Any CPU = Release|Any CPU
	EndGlobalSection
	GlobalSection(ProjectConfigurationPlatforms) = postSolution
		{4203728C-E6D9-487E-A571-D825BAB4DA3D}.Debug|Any CPU.ActiveCfg = Debug|Any CPU
		{4203728C-E6D9-487E-A571-D825BAB4DA3D}.Debug|Any CPU.Build.0 = Debug|Any CPU
		{4203728C-E6D9-487E-A571-D825BAB4DA3D}.Release|Any CPU.ActiveCfg = Release|Any CPU
		{4203728C-E6D9-487E-A571-D825BAB4DA3D}.Release|Any CPU.Build.0 = Release|Any CPU
	EndGlobalSection
	GlobalSection(SolutionProperties) = preSolution
		HideSolutionNode = FALSE
	EndGlobalSection
	GlobalSection(ExtensibilityGlobals) = postSolution
		SolutionGuid = {AF5FBAFC-2EF4-4B52-AA1B-773F46289394}
	EndGlobalSection
EndGlobal
